# This file was autogenerated by uv via the following command:
#    uv pip compile requirements.txt -o requirements.lock
aiofiles==24.1.0
    # via -r requirements.txt
iniconfig==2.1.0
    # via pytest
mypy==1.9.0
    # via -r requirements.txt
mypy-extensions==1.1.0
    # via mypy
packaging==25.0
    # via pytest
pluggy==1.6.0
    # via pytest
pytest==8.3.4
    # via
    #   -r requirements.txt
    #   pytest-asyncio
pytest-asyncio==0.24.0
    # via -r requirements.txt
types-aiofiles==24.1.0.20250606
    # via -r requirements.txt
typing-extensions==4.14.0
    # via mypy
